
Microsoft Visual Studio Solution File, Format Version 12.00
# Visual Studio Version 17
VisualStudioVersion = 17.14.36623.8 d17.14
MinimumVisualStudioVersion = 10.0.40219.1
Project("{FAE04EC0-301F-11D3-BF4B-00C04F79EFBC}") = "MANAM.GlobalHealthCare.Repository", "MANAM.GlobalHealthCare.Repository\MANAM.GlobalHealthCare.Repository.csproj", "{32AEBA59-1BCD-44FD-ACCF-1881B07A4F9E}"
EndProject
Project("{FAE04EC0-301F-11D3-BF4B-00C04F79EFBC}") = "MANAM.GlobalHealthCare.Common", "MANAM.GlobalHealthCare.Common\MANAM.GlobalHealthCare.Common.csproj", "{2C8A2A95-B95B-425A-B5CC-C8DC7A0649C4}"
EndProject
Project("{FAE04EC0-301F-11D3-BF4B-00C04F79EFBC}") = "MANAM.GlobalHealthCare.Model", "MANAM.GlobalHealthCare.Model\MANAM.GlobalHealthCare.Model.csproj", "{72685E99-6A01-4D3A-A3C5-FE02609F8D99}"
EndProject
Project("{FAE04EC0-301F-11D3-BF4B-00C04F79EFBC}") = "MANAM.GlobalHealthCare.Business", "MANAM.GlobalHealthCare.Business\MANAM.GlobalHealthCare.Business.csproj", "{580E7683-6DDD-4010-89EB-D19867A4A8BF}"
EndProject
Project("{FAE04EC0-301F-11D3-BF4B-00C04F79EFBC}") = "MANAM.GlobalHealthCare.WebApp", "MANAM.GlobalHealthCare.WebApp\MANAM.GlobalHealthCare.WebApp.csproj", "{962B4B4E-CE7A-4B2C-AAD8-E08FED909E37}"
EndProject
Global
	GlobalSection(SolutionConfigurationPlatforms) = preSolution
		Debug|Any CPU = Debug|Any CPU
		Release|Any CPU = Release|Any CPU
	EndGlobalSection
	GlobalSection(ProjectConfigurationPlatforms) = postSolution
		{32AEBA59-1BCD-44FD-ACCF-1881B07A4F9E}.Debug|Any CPU.ActiveCfg = Debug|Any CPU
		{32AEBA59-1BCD-44FD-ACCF-1881B07A4F9E}.Debug|Any CPU.Build.0 = Debug|Any CPU
		{32AEBA59-1BCD-44FD-ACCF-1881B07A4F9E}.Release|Any CPU.ActiveCfg = Release|Any CPU
		{32AEBA59-1BCD-44FD-ACCF-1881B07A4F9E}.Release|Any CPU.Build.0 = Release|Any CPU
		{2C8A2A95-B95B-425A-B5CC-C8DC7A0649C4}.Debug|Any CPU.ActiveCfg = Debug|Any CPU
		{2C8A2A95-B95B-425A-B5CC-C8DC7A0649C4}.Debug|Any CPU.Build.0 = Debug|Any CPU
		{2C8A2A95-B95B-425A-B5CC-C8DC7A0649C4}.Release|Any CPU.ActiveCfg = Release|Any CPU
		{2C8A2A95-B95B-425A-B5CC-C8DC7A0649C4}.Release|Any CPU.Build.0 = Release|Any CPU
		{72685E99-6A01-4D3A-A3C5-FE02609F8D99}.Debug|Any CPU.ActiveCfg = Debug|Any CPU
		{72685E99-6A01-4D3A-A3C5-FE02609F8D99}.Debug|Any CPU.Build.0 = Debug|Any CPU
		{72685E99-6A01-4D3A-A3C5-FE02609F8D99}.Release|Any CPU.ActiveCfg = Release|Any CPU
		{72685E99-6A01-4D3A-A3C5-FE02609F8D99}.Release|Any CPU.Build.0 = Release|Any CPU
		{580E7683-6DDD-4010-89EB-D19867A4A8BF}.Debug|Any CPU.ActiveCfg = Debug|Any CPU
		{580E7683-6DDD-4010-89EB-D19867A4A8BF}.Debug|Any CPU.Build.0 = Debug|Any CPU
		{580E7683-6DDD-4010-89EB-D19867A4A8BF}.Release|Any CPU.ActiveCfg = Release|Any CPU
		{580E7683-6DDD-4010-89EB-D19867A4A8BF}.Release|Any CPU.Build.0 = Release|Any CPU
		{962B4B4E-CE7A-4B2C-AAD8-E08FED909E37}.Debug|Any CPU.ActiveCfg = Debug|Any CPU
		{962B4B4E-CE7A-4B2C-AAD8-E08FED909E37}.Debug|Any CPU.Build.0 = Debug|Any CPU
		{962B4B4E-CE7A-4B2C-AAD8-E08FED909E37}.Release|Any CPU.ActiveCfg = Release|Any CPU
		{962B4B4E-CE7A-4B2C-AAD8-E08FED909E37}.Release|Any CPU.Build.0 = Release|Any CPU
	EndGlobalSection
	GlobalSection(SolutionProperties) = preSolution
		HideSolutionNode = FALSE
	EndGlobalSection
	GlobalSection(ExtensibilityGlobals) = postSolution
		SolutionGuid = {D7D69543-4994-48AA-BBF1-D71B174CF263}
	EndGlobalSection
EndGlobal
